github.com/davecgh/go-spew v1.1.1 h1:vj9j/u1bqnvCEfJOwUhtlOARqs3+rkHYY13jYWTU97c=
github.com/erfanmomeniii/heap v1.0.0 h1:uJhBdXuiZ08mGTlWTuPLk7Mks/CbMDKRwbu2WCtt60w=
github.com/erfanmomeniii/heap v1.0.0/go.mod h1:2wbnAE0Z9lzAIyCHB2TxkcO0p92xPjYO/HhYNy4520g=
github.com/pmezard/go-difflib v1.0.0 h1:4DBwDE0NGyQoBHbLQYPwSUPoCMWR5BEzIk/f1lZbAQM=
github.com/stretchr/testify v1.8.4 h1:CcVxjf3Q8PM0mHUKJCdn+eZZtm5yQwehR5yeSVQQcUk=
gopkg.in/yaml.v3 v3.0.1 h1:fxVm/GzAzEWqLHuvctI91KS9hhNmmWOoWu0XTYJS7CA=
